// !$*UTF8*$!
{
	archiveVersion = 1;
	classes = {
	};
	objectVersion = 50;
	objects = {

/* Begin PBXBuildFile section */
		AC47A2DE2181FC2400230014 /* AppDelegate.swift in Sources */ = {isa = PBXBuildFile; fileRef = AC47A2DD2181FC2400230014 /* AppDelegate.swift */; };
		AC47A2E02181FC2400230014 /* LandingViewController.swift in Sources */ = {isa = PBXBuildFile; fileRef = AC47A2DF2181FC2400230014 /* LandingViewController.swift */; };
		AC47A2E32181FC2400230014 /* Main.storyboard in Resources */ = {isa = PBXBuildFile; fileRef = AC47A2E12181FC2400230014 /* Main.storyboard */; };
		AC47A2E62181FC2400230014 /* MutualMobileCodingTest.xcdatamodeld in Sources */ = {isa = PBXBuildFile; fileRef = AC47A2E42181FC2400230014 /* MutualMobileCodingTest.xcdatamodeld */; };
		AC47A2E82181FC3200230014 /* Assets.xcassets in Resources */ = {isa = PBXBuildFile; fileRef = AC47A2E72181FC3200230014 /* Assets.xcassets */; };
		AC47A2EB2181FC3200230014 /* LaunchScreen.storyboard in Resources */ = {isa = PBXBuildFile; fileRef = AC47A2E92181FC3200230014 /* LaunchScreen.storyboard */; };
		AC47A2F62181FC3300230014 /* MutualMobileCodingTestTests.swift in Sources */ = {isa = PBXBuildFile; fileRef = AC47A2F52181FC3300230014 /* MutualMobileCodingTestTests.swift */; };
		AC47A3062182073400230014 /* StringConstants.swift in Sources */ = {isa = PBXBuildFile; fileRef = AC47A3052182073400230014 /* StringConstants.swift */; };
		AC47A3082182090D00230014 /* TicTacToeCell.swift in Sources */ = {isa = PBXBuildFile; fileRef = AC47A3072182090D00230014 /* TicTacToeCell.swift */; };
		AC47A30B218218D800230014 /* AppUtility.swift in Sources */ = {isa = PBXBuildFile; fileRef = AC47A30A218218D800230014 /* AppUtility.swift */; };
		AC47A30E21822C0900230014 /* LandingViewModel.swift in Sources */ = {isa = PBXBuildFile; fileRef = AC47A30D21822C0900230014 /* LandingViewModel.swift */; };
		ACF0B329218241EB00D00CDB /* GameLogic.swift in Sources */ = {isa = PBXBuildFile; fileRef = ACF0B328218241EB00D00CDB /* GameLogic.swift */; };
/* End PBXBuildFile section */

/* Begin PBXContainerItemProxy section */
		AC47A2F22181FC3300230014 /* PBXContainerItemProxy */ = {
			isa = PBXContainerItemProxy;
			containerPortal = AC47A2D22181FC2400230014 /* Project object */;
			proxyType = 1;
			remoteGlobalIDString = AC47A2D92181FC2400230014;
			remoteInfo = MutualMobileCodingTest;
		};
/* End PBXContainerItemProxy section */

/* Begin PBXFileReference section */
		AC47A2DA2181FC2400230014 /* MutualMobileCodingTest.app */ = {isa = PBXFileReference; explicitFileType = wrapper.application; includeInIndex = 0; path = MutualMobileCodingTest.app; sourceTree = BUILT_PRODUCTS_DIR; };
		AC47A2DD2181FC2400230014 /* AppDelegate.swift */ = {isa = PBXFileReference; lastKnownFileType = sourcecode.swift; path = AppDelegate.swift; sourceTree = "<group>"; };
		AC47A2DF2181FC2400230014 /* LandingViewController.swift */ = {isa = PBXFileReference; lastKnownFileType = sourcecode.swift; path = LandingViewController.swift; sourceTree = "<group>"; };
		AC47A2E22181FC2400230014 /* Base */ = {isa = PBXFileReference; lastKnownFileType = file.storyboard; name = Base; path = Base.lproj/Main.storyboard; sourceTree = "<group>"; };
		AC47A2E52181FC2400230014 /* MutualMobileCodingTest.xcdatamodel */ = {isa = PBXFileReference; lastKnownFileType = wrapper.xcdatamodel; path = MutualMobileCodingTest.xcdatamodel; sourceTree = "<group>"; };
		AC47A2E72181FC3200230014 /* Assets.xcassets */ = {isa = PBXFileReference; lastKnownFileType = folder.assetcatalog; path = Assets.xcassets; sourceTree = "<group>"; };
		AC47A2EA2181FC3200230014 /* Base */ = {isa = PBXFileReference; lastKnownFileType = file.storyboard; name = Base; path = Base.lproj/LaunchScreen.storyboard; sourceTree = "<group>"; };
		AC47A2EC2181FC3200230014 /* Info.plist */ = {isa = PBXFileReference; lastKnownFileType = text.plist.xml; path = Info.plist; sourceTree = "<group>"; };
		AC47A2F12181FC3300230014 /* MutualMobileCodingTestTests.xctest */ = {isa = PBXFileReference; explicitFileType = wrapper.cfbundle; includeInIndex = 0; path = MutualMobileCodingTestTests.xctest; sourceTree = BUILT_PRODUCTS_DIR; };
		AC47A2F52181FC3300230014 /* MutualMobileCodingTestTests.swift */ = {isa = PBXFileReference; lastKnownFileType = sourcecode.swift; path = MutualMobileCodingTestTests.swift; sourceTree = "<group>"; };
		AC47A2F72181FC3300230014 /* Info.plist */ = {isa = PBXFileReference; lastKnownFileType = text.plist.xml; path = Info.plist; sourceTree = "<group>"; };
		AC47A3052182073400230014 /* StringConstants.swift */ = {isa = PBXFileReference; lastKnownFileType = sourcecode.swift; path = StringConstants.swift; sourceTree = "<group>"; };
		AC47A3072182090D00230014 /* TicTacToeCell.swift */ = {isa = PBXFileReference; lastKnownFileType = sourcecode.swift; path = TicTacToeCell.swift; sourceTree = "<group>"; };
		AC47A30A218218D800230014 /* AppUtility.swift */ = {isa = PBXFileReference; lastKnownFileType = sourcecode.swift; path = AppUtility.swift; sourceTree = "<group>"; };
		AC47A30D21822C0900230014 /* LandingViewModel.swift */ = {isa = PBXFileReference; lastKnownFileType = sourcecode.swift; path = LandingViewModel.swift; sourceTree = "<group>"; };
		ACF0B328218241EB00D00CDB /* GameLogic.swift */ = {isa = PBXFileReference; lastKnownFileType = sourcecode.swift; path = GameLogic.swift; sourceTree = "<group>"; };
/* End PBXFileReference section */

/* Begin PBXFrameworksBuildPhase section */
		AC47A2D72181FC2400230014 /* Frameworks */ = {
			isa = PBXFrameworksBuildPhase;
			buildActionMask = 2147483647;
			files = (
			);
			runOnlyForDeploymentPostprocessing = 0;
		};
		AC47A2EE2181FC3300230014 /* Frameworks */ = {
			isa = PBXFrameworksBuildPhase;
			buildActionMask = 2147483647;
			files = (
			);
			runOnlyForDeploymentPostprocessing = 0;
		};
/* End PBXFrameworksBuildPhase section */

/* Begin PBXGroup section */
		AC47A2D12181FC2400230014 = {
			isa = PBXGroup;
			children = (
				AC47A2DC2181FC2400230014 /* MutualMobileCodingTest */,
				AC47A2F42181FC3300230014 /* MutualMobileCodingTestTests */,
				AC47A2DB2181FC2400230014 /* Products */,
			);
			sourceTree = "<group>";
		};
		AC47A2DB2181FC2400230014 /* Products */ = {
			isa = PBXGroup;
			children = (
				AC47A2DA2181FC2400230014 /* MutualMobileCodingTest.app */,
				AC47A2F12181FC3300230014 /* MutualMobileCodingTestTests.xctest */,
			);
			name = Products;
			sourceTree = "<group>";
		};
		AC47A2DC2181FC2400230014 /* MutualMobileCodingTest */ = {
			isa = PBXGroup;
			children = (
				AC47A303218206FE00230014 /* Core */,
				ACF0B32A218241F400D00CDB /* BusinessLogic */,
				AC47A300218206C900230014 /* Presentation Layer */,
				AC47A2DD2181FC2400230014 /* AppDelegate.swift */,
				AC47A2E12181FC2400230014 /* Main.storyboard */,
				AC47A2E72181FC3200230014 /* Assets.xcassets */,
				AC47A2E92181FC3200230014 /* LaunchScreen.storyboard */,
				AC47A2EC2181FC3200230014 /* Info.plist */,
				AC47A2E42181FC2400230014 /* MutualMobileCodingTest.xcdatamodeld */,
			);
			path = MutualMobileCodingTest;
			sourceTree = "<group>";
		};
		AC47A2F42181FC3300230014 /* MutualMobileCodingTestTests */ = {
			isa = PBXGroup;
			children = (
				AC47A2F52181FC3300230014 /* MutualMobileCodingTestTests.swift */,
				AC47A2F72181FC3300230014 /* Info.plist */,
			);
			path = MutualMobileCodingTestTests;
			sourceTree = "<group>";
		};
		AC47A300218206C900230014 /* Presentation Layer */ = {
			isa = PBXGroup;
			children = (
				AC47A30C21822BF800230014 /* ViewModel */,
				AC47A302218206E900230014 /* Cells */,
				AC47A301218206DF00230014 /* ViewControllers */,
			);
			path = "Presentation Layer";
			sourceTree = "<group>";
		};
		AC47A301218206DF00230014 /* ViewControllers */ = {
			isa = PBXGroup;
			children = (
				AC47A2DF2181FC2400230014 /* LandingViewController.swift */,
			);
			path = ViewControllers;
			sourceTree = "<group>";
		};
		AC47A302218206E900230014 /* Cells */ = {
			isa = PBXGroup;
			children = (
				AC47A3072182090D00230014 /* TicTacToeCell.swift */,
			);
			path = Cells;
			sourceTree = "<group>";
		};
		AC47A303218206FE00230014 /* Core */ = {
			isa = PBXGroup;
			children = (
				AC47A309218218C100230014 /* Utilities */,
				AC47A3042182070500230014 /* AppConstants */,
			);
			path = Core;
			sourceTree = "<group>";
		};
		AC47A3042182070500230014 /* AppConstants */ = {
			isa = PBXGroup;
			children = (
				AC47A3052182073400230014 /* StringConstants.swift */,
			);
			path = AppConstants;
			sourceTree = "<group>";
		};
		AC47A309218218C100230014 /* Utilities */ = {
			isa = PBXGroup;
			children = (
				AC47A30A218218D800230014 /* AppUtility.swift */,
			);
			path = Utilities;
			sourceTree = "<group>";
		};
		AC47A30C21822BF800230014 /* ViewModel */ = {
			isa = PBXGroup;
			children = (
				AC47A30D21822C0900230014 /* LandingViewModel.swift */,
			);
			path = ViewModel;
			sourceTree = "<group>";
		};
		ACF0B32A218241F400D00CDB /* BusinessLogic */ = {
			isa = PBXGroup;
			children = (
				ACF0B328218241EB00D00CDB /* GameLogic.swift */,
			);
			path = BusinessLogic;
			sourceTree = "<group>";
		};
/* End PBXGroup section */

/* Begin PBXNativeTarget section */
		AC47A2D92181FC2400230014 /* MutualMobileCodingTest */ = {
			isa = PBXNativeTarget;
			buildConfigurationList = AC47A2FA2181FC3300230014 /* Build configuration list for PBXNativeTarget "MutualMobileCodingTest" */;
			buildPhases = (
				AC47A2D62181FC2400230014 /* Sources */,
				AC47A2D72181FC2400230014 /* Frameworks */,
				AC47A2D82181FC2400230014 /* Resources */,
			);
			buildRules = (
			);
			dependencies = (
			);
			name = MutualMobileCodingTest;
			productName = MutualMobileCodingTest;
			productReference = AC47A2DA2181FC2400230014 /* MutualMobileCodingTest.app */;
			productType = "com.apple.product-type.application";
		};
		AC47A2F02181FC3300230014 /* MutualMobileCodingTestTests */ = {
			isa = PBXNativeTarget;
			buildConfigurationList = AC47A2FD2181FC3300230014 /* Build configuration list for PBXNativeTarget "MutualMobileCodingTestTests" */;
			buildPhases = (
				AC47A2ED2181FC3300230014 /* Sources */,
				AC47A2EE2181FC3300230014 /* Frameworks */,
				AC47A2EF2181FC3300230014 /* Resources */,
			);
			buildRules = (
			);
			dependencies = (
				AC47A2F32181FC3300230014 /* PBXTargetDependency */,
			);
			name = MutualMobileCodingTestTests;
			productName = MutualMobileCodingTestTests;
			productReference = AC47A2F12181FC3300230014 /* MutualMobileCodingTestTests.xctest */;
			productType = "com.apple.product-type.bundle.unit-test";
		};
/* End PBXNativeTarget section */

/* Begin PBXProject section */
		AC47A2D22181FC2400230014 /* Project object */ = {
			isa = PBXProject;
			attributes = {
				LastSwiftUpdateCheck = 1000;
				LastUpgradeCheck = 1000;
				ORGANIZATIONNAME = "Satyam Sehgal";
				TargetAttributes = {
					AC47A2D92181FC2400230014 = {
						CreatedOnToolsVersion = 10.0;
					};
					AC47A2F02181FC3300230014 = {
						CreatedOnToolsVersion = 10.0;
						TestTargetID = AC47A2D92181FC2400230014;
					};
				};
			};
			buildConfigurationList = AC47A2D52181FC2400230014 /* Build configuration list for PBXProject "MutualMobileCodingTest" */;
			compatibilityVersion = "Xcode 9.3";
			developmentRegion = en;
			hasScannedForEncodings = 0;
			knownRegions = (
				en,
				Base,
			);
			mainGroup = AC47A2D12181FC2400230014;
			productRefGroup = AC47A2DB2181FC2400230014 /* Products */;
			projectDirPath = "";
			projectRoot = "";
			targets = (
				AC47A2D92181FC2400230014 /* MutualMobileCodingTest */,
				AC47A2F02181FC3300230014 /* MutualMobileCodingTestTests */,
			);
		};
/* End PBXProject section */

/* Begin PBXResourcesBuildPhase section */
		AC47A2D82181FC2400230014 /* Resources */ = {
			isa = PBXResourcesBuildPhase;
			buildActionMask = 2147483647;
			files = (
				AC47A2EB2181FC3200230014 /* LaunchScreen.storyboard in Resources */,
				AC47A2E82181FC3200230014 /* Assets.xcassets in Resources */,
				AC47A2E32181FC2400230014 /* Main.storyboard in Resources */,
			);
			runOnlyForDeploymentPostprocessing = 0;
		};
		AC47A2EF2181FC3300230014 /* Resources */ = {
			isa = PBXResourcesBuildPhase;
			buildActionMask = 2147483647;
			files = (
			);
			runOnlyForDeploymentPostprocessing = 0;
		};
/* End PBXResourcesBuildPhase section */

/* Begin PBXSourcesBuildPhase section */
		AC47A2D62181FC2400230014 /* Sources */ = {
			isa = PBXSourcesBuildPhase;
			buildActionMask = 2147483647;
			files = (
				AC47A3082182090D00230014 /* TicTacToeCell.swift in Sources */,
				AC47A3062182073400230014 /* StringConstants.swift in Sources */,
				ACF0B329218241EB00D00CDB /* GameLogic.swift in Sources */,
				AC47A30B218218D800230014 /* AppUtility.swift in Sources */,
				AC47A2E02181FC2400230014 /* LandingViewController.swift in Sources */,
				AC47A2DE2181FC2400230014 /* AppDelegate.swift in Sources */,
				AC47A30E21822C0900230014 /* LandingViewModel.swift in Sources */,
				AC47A2E62181FC2400230014 /* MutualMobileCodingTest.xcdatamodeld in Sources */,
			);
			runOnlyForDeploymentPostprocessing = 0;
		};
		AC47A2ED2181FC3300230014 /* Sources */ = {
			isa = PBXSourcesBuildPhase;
			buildActionMask = 2147483647;
			files = (
				AC47A2F62181FC3300230014 /* MutualMobileCodingTestTests.swift in Sources */,
			);
			runOnlyForDeploymentPostprocessing = 0;
		};
/* End PBXSourcesBuildPhase section */

/* Begin PBXTargetDependency section */
		AC47A2F32181FC3300230014 /* PBXTargetDependency */ = {
			isa = PBXTargetDependency;
			target = AC47A2D92181FC2400230014 /* MutualMobileCodingTest */;
			targetProxy = AC47A2F22181FC3300230014 /* PBXContainerItemProxy */;
		};
/* End PBXTargetDependency section */

/* Begin PBXVariantGroup section */
		AC47A2E12181FC2400230014 /* Main.storyboard */ = {
			isa = PBXVariantGroup;
			children = (
				AC47A2E22181FC2400230014 /* Base */,
			);
			name = Main.storyboard;
			sourceTree = "<group>";
		};
		AC47A2E92181FC3200230014 /* LaunchScreen.storyboard */ = {
			isa = PBXVariantGroup;
			children = (
				AC47A2EA2181FC3200230014 /* Base */,
			);
			name = LaunchScreen.storyboard;
			sourceTree = "<group>";
		};
/* End PBXVariantGroup section */

/* Begin XCBuildConfiguration section */
		AC47A2F82181FC3300230014 /* Debug */ = {
			isa = XCBuildConfiguration;
			buildSettings = {
				ALWAYS_SEARCH_USER_PATHS = NO;
				CLANG_ANALYZER_NONNULL = YES;
				CLANG_ANALYZER_NUMBER_OBJECT_CONVERSION = YES_AGGRESSIVE;
				CLANG_CXX_LANGUAGE_STANDARD = "gnu++14";
				CLANG_CXX_LIBRARY = "libc++";
				CLANG_ENABLE_MODULES = YES;
				CLANG_ENABLE_OBJC_ARC = YES;
				CLANG_ENABLE_OBJC_WEAK = YES;
				CLANG_WARN_BLOCK_CAPTURE_AUTORELEASING = YES;
				CLANG_WARN_BOOL_CONVERSION = YES;
				CLANG_WARN_COMMA = YES;
				CLANG_WARN_CONSTANT_CONVERSION = YES;
				CLANG_WARN_DEPRECATED_OBJC_IMPLEMENTATIONS = YES;
				CLANG_WARN_DIRECT_OBJC_ISA_USAGE = YES_ERROR;
				CLANG_WARN_DOCUMENTATION_COMMENTS = YES;
				CLANG_WARN_EMPTY_BODY = YES;
				CLANG_WARN_ENUM_CONVERSION = YES;
				CLANG_WARN_INFINITE_RECURSION = YES;
				CLANG_WARN_INT_CONVERSION = YES;
				CLANG_WARN_NON_LITERAL_NULL_CONVERSION = YES;
				CLANG_WARN_OBJC_IMPLICIT_RETAIN_SELF = YES;
				CLANG_WARN_OBJC_LITERAL_CONVERSION = YES;
				CLANG_WARN_OBJC_ROOT_CLASS = YES_ERROR;
				CLANG_WARN_RANGE_LOOP_ANALYSIS = YES;
				CLANG_WARN_STRICT_PROTOTYPES = YES;
				CLANG_WARN_SUSPICIOUS_MOVE = YES;
				CLANG_WARN_UNGUARDED_AVAILABILITY = YES_AGGRESSIVE;
				CLANG_WARN_UNREACHABLE_CODE = YES;
				CLANG_WARN__DUPLICATE_METHOD_MATCH = YES;
				CODE_SIGN_IDENTITY = "iPhone Developer";
				COPY_PHASE_STRIP = NO;
				DEBUG_INFORMATION_FORMAT = dwarf;
				ENABLE_STRICT_OBJC_MSGSEND = YES;
				ENABLE_TESTABILITY = YES;
				GCC_C_LANGUAGE_STANDARD = gnu11;
				GCC_DYNAMIC_NO_PIC = NO;
				GCC_NO_COMMON_BLOCKS = YES;
				GCC_OPTIMIZATION_LEVEL = 0;
				GCC_PREPROCESSOR_DEFINITIONS = (
					"DEBUG=1",
					"$(inherited)",
				);
				GCC_WARN_64_TO_32_BIT_CONVERSION = YES;
				GCC_WARN_ABOUT_RETURN_TYPE = YES_ERROR;
				GCC_WARN_UNDECLARED_SELECTOR = YES;
				GCC_WARN_UNINITIALIZED_AUTOS = YES_AGGRESSIVE;
				GCC_WARN_UNUSED_FUNCTION = YES;
				GCC_WARN_UNUSED_VARIABLE = YES;
				IPHONEOS_DEPLOYMENT_TARGET = 12.0;
				MTL_ENABLE_DEBUG_INFO = INCLUDE_SOURCE;
				MTL_FAST_MATH = YES;
				ONLY_ACTIVE_ARCH = YES;
				SDKROOT = iphoneos;
				SWIFT_ACTIVE_COMPILATION_CONDITIONS = DEBUG;
				SWIFT_OPTIMIZATION_LEVEL = "-Onone";
			};
			name = Debug;
		};
		AC47A2F92181FC3300230014 /* Release */ = {
			isa = XCBuildConfiguration;
			buildSettings = {
				ALWAYS_SEARCH_USER_PATHS = NO;
				CLANG_ANALYZER_NONNULL = YES;
				CLANG_ANALYZER_NUMBER_OBJECT_CONVERSION = YES_AGGRESSIVE;
				CLANG_CXX_LANGUAGE_STANDARD = "gnu++14";
				CLANG_CXX_LIBRARY = "libc++";
				CLANG_ENABLE_MODULES = YES;
				CLANG_ENABLE_OBJC_ARC = YES;
				CLANG_ENABLE_OBJC_WEAK = YES;
				CLANG_WARN_BLOCK_CAPTURE_AUTORELEASING = YES;
				CLANG_WARN_BOOL_CONVERSION = YES;
				CLANG_WARN_COMMA = YES;
				CLANG_WARN_CONSTANT_CONVERSION = YES;
				CLANG_WARN_DEPRECATED_OBJC_IMPLEMENTATIONS = YES;
				CLANG_WARN_DIRECT_OBJC_ISA_USAGE = YES_ERROR;
				CLANG_WARN_DOCUMENTATION_COMMENTS = YES;
				CLANG_WARN_EMPTY_BODY = YES;
				CLANG_WARN_ENUM_CONVERSION = YES;
				CLANG_WARN_INFINITE_RECURSION = YES;
				CLANG_WARN_INT_CONVERSION = YES;
				CLANG_WARN_NON_LITERAL_NULL_CONVERSION = YES;
				CLANG_WARN_OBJC_IMPLICIT_RETAIN_SELF = YES;
				CLANG_WARN_OBJC_LITERAL_CONVERSION = YES;
				CLANG_WARN_OBJC_ROOT_CLASS = YES_ERROR;
				CLANG_WARN_RANGE_LOOP_ANALYSIS = YES;
				CLANG_WARN_STRICT_PROTOTYPES = YES;
				CLANG_WARN_SUSPICIOUS_MOVE = YES;
				CLANG_WARN_UNGUARDED_AVAILABILITY = YES_AGGRESSIVE;
				CLANG_WARN_UNREACHABLE_CODE = YES;
				CLANG_WARN__DUPLICATE_METHOD_MATCH = YES;
				CODE_SIGN_IDENTITY = "iPhone Developer";
				COPY_PHASE_STRIP = NO;
				DEBUG_INFORMATION_FORMAT = "dwarf-with-dsym";
				ENABLE_NS_ASSERTIONS = NO;
				ENABLE_STRICT_OBJC_MSGSEND = YES;
				GCC_C_LANGUAGE_STANDARD = gnu11;
				GCC_NO_COMMON_BLOCKS = YES;
				GCC_WARN_64_TO_32_BIT_CONVERSION = YES;
				GCC_WARN_ABOUT_RETURN_TYPE = YES_ERROR;
				GCC_WARN_UNDECLARED_SELECTOR = YES;
				GCC_WARN_UNINITIALIZED_AUTOS = YES_AGGRESSIVE;
				GCC_WARN_UNUSED_FUNCTION = YES;
				GCC_WARN_UNUSED_VARIABLE = YES;
				IPHONEOS_DEPLOYMENT_TARGET = 12.0;
				MTL_ENABLE_DEBUG_INFO = NO;
				MTL_FAST_MATH = YES;
				SDKROOT = iphoneos;
				SWIFT_COMPILATION_MODE = wholemodule;
				SWIFT_OPTIMIZATION_LEVEL = "-O";
				VALIDATE_PRODUCT = YES;
			};
			name = Release;
		};
		AC47A2FB2181FC3300230014 /* Debug */ = {
			isa = XCBuildConfiguration;
			buildSettings = {
				ASSETCATALOG_COMPILER_APPICON_NAME = AppIcon;
				CODE_SIGN_STYLE = Automatic;
				DEVELOPMENT_TEAM = DV636QFZ5Q;
				INFOPLIST_FILE = MutualMobileCodingTest/Info.plist;
				LD_RUNPATH_SEARCH_PATHS = (
					"$(inherited)",
					"@executable_path/Frameworks",
				);
				PRODUCT_BUNDLE_IDENTIFIER = com.satyam.MutualMobileCodingTest;
				PRODUCT_NAME = "$(TARGET_NAME)";
				SWIFT_VERSION = 4.2;
				TARGETED_DEVICE_FAMILY = "1,2";
			};
			name = Debug;
		};
		AC47A2FC2181FC3300230014 /* Release */ = {
			isa = XCBuildConfiguration;
			buildSettings = {
				ASSETCATALOG_COMPILER_APPICON_NAME = AppIcon;
				CODE_SIGN_STYLE = Automatic;
				DEVELOPMENT_TEAM = DV636QFZ5Q;
				INFOPLIST_FILE = MutualMobileCodingTest/Info.plist;
				LD_RUNPATH_SEARCH_PATHS = (
					"$(inherited)",
					"@executable_path/Frameworks",
				);
				PRODUCT_BUNDLE_IDENTIFIER = com.satyam.MutualMobileCodingTest;
				PRODUCT_NAME = "$(TARGET_NAME)";
				SWIFT_VERSION = 4.2;
				TARGETED_DEVICE_FAMILY = "1,2";
			};
			name = Release;
		};
		AC47A2FE2181FC3300230014 /* Debug */ = {
			isa = XCBuildConfiguration;
			buildSettings = {
				ALWAYS_EMBED_SWIFT_STANDARD_LIBRARIES = YES;
				BUNDLE_LOADER = "$(TEST_HOST)";
				CODE_SIGN_STYLE = Automatic;
				DEVELOPMENT_TEAM = DV636QFZ5Q;
				INFOPLIST_FILE = MutualMobileCodingTestTests/Info.plist;
				LD_RUNPATH_SEARCH_PATHS = (
					"$(inherited)",
					"@executable_path/Frameworks",
					"@loader_path/Frameworks",
				);
				PRODUCT_BUNDLE_IDENTIFIER = com.satyam.MutualMobileCodingTestTests;
				PRODUCT_NAME = "$(TARGET_NAME)";
				SWIFT_VERSION = 4.2;
				TARGETED_DEVICE_FAMILY = "1,2";
				TEST_HOST = "$(BUILT_PRODUCTS_DIR)/MutualMobileCodingTest.app/MutualMobileCodingTest";
			};
			name = Debug;
		};
		AC47A2FF2181FC3300230014 /* Release */ = {
			isa = XCBuildConfiguration;
			buildSettings = {
				ALWAYS_EMBED_SWIFT_STANDARD_LIBRARIES = YES;
				BUNDLE_LOADER = "$(TEST_HOST)";
				CODE_SIGN_STYLE = Automatic;
				DEVELOPMENT_TEAM = DV636QFZ5Q;
				INFOPLIST_FILE = MutualMobileCodingTestTests/Info.plist;
				LD_RUNPATH_SEARCH_PATHS = (
					"$(inherited)",
					"@executable_path/Frameworks",
					"@loader_path/Frameworks",
				);
				PRODUCT_BUNDLE_IDENTIFIER = com.satyam.MutualMobileCodingTestTests;
				PRODUCT_NAME = "$(TARGET_NAME)";
				SWIFT_VERSION = 4.2;
				TARGETED_DEVICE_FAMILY = "1,2";
				TEST_HOST = "$(BUILT_PRODUCTS_DIR)/MutualMobileCodingTest.app/MutualMobileCodingTest";
			};
			name = Release;
		};
/* End XCBuildConfiguration section */

/* Begin XCConfigurationList section */
		AC47A2D52181FC2400230014 /* Build configuration list for PBXProject "MutualMobileCodingTest" */ = {
			isa = XCConfigurationList;
			buildConfigurations = (
				AC47A2F82181FC3300230014 /* Debug */,
				AC47A2F92181FC3300230014 /* Release */,
			);
			defaultConfigurationIsVisible = 0;
			defaultConfigurationName = Release;
		};
		AC47A2FA2181FC3300230014 /* Build configuration list for PBXNativeTarget "MutualMobileCodingTest" */ = {
			isa = XCConfigurationList;
			buildConfigurations = (
				AC47A2FB2181FC3300230014 /* Debug */,
				AC47A2FC2181FC3300230014 /* Release */,
			);
			defaultConfigurationIsVisible = 0;
			defaultConfigurationName = Release;
		};
		AC47A2FD2181FC3300230014 /* Build configuration list for PBXNativeTarget "MutualMobileCodingTestTests" */ = {
			isa = XCConfigurationList;
			buildConfigurations = (
				AC47A2FE2181FC3300230014 /* Debug */,
				AC47A2FF2181FC3300230014 /* Release */,
			);
			defaultConfigurationIsVisible = 0;
			defaultConfigurationName = Release;
		};
/* End XCConfigurationList section */

/* Begin XCVersionGroup section */
		AC47A2E42181FC2400230014 /* MutualMobileCodingTest.xcdatamodeld */ = {
			isa = XCVersionGroup;
			children = (
				AC47A2E52181FC2400230014 /* MutualMobileCodingTest.xcdatamodel */,
			);
			currentVersion = AC47A2E52181FC2400230014 /* MutualMobileCodingTest.xcdatamodel */;
			path = MutualMobileCodingTest.xcdatamodeld;
			sourceTree = "<group>";
			versionGroupType = wrapper.xcdatamodel;
		};
/* End XCVersionGroup section */
	};
	rootObject = AC47A2D22181FC2400230014 /* Project object */;
}
